
Microsoft Visual Studio Solution File, Format Version 12.00
# Visual Studio Version 17
VisualStudioVersion = 17.2.32630.192
MinimumVisualStudioVersion = 10.0.40219.1
Project("{9A19103F-16F7-4668-BE54-9A1E7A4F7556}") = "Reflection", "Reflection.csproj", "{6169F9C3-6A0D-4FFC-8A37-6F50C9FB095A}"
EndProject
Global
	GlobalSection(SolutionConfigurationPlatforms) = preSolution
		Debug|Any CPU = Debug|Any CPU
		Release|Any CPU = Release|Any CPU
	EndGlobalSection
	GlobalSection(ProjectConfigurationPlatforms) = postSolution
		{6169F9C3-6A0D-4FFC-8A37-6F50C9FB095A}.Debug|Any CPU.ActiveCfg = Debug|Any CPU
		{6169F9C3-6A0D-4FFC-8A37-6F50C9FB095A}.Debug|Any CPU.Build.0 = Debug|Any CPU
		{6169F9C3-6A0D-4FFC-8A37-6F50C9FB095A}.Release|Any CPU.ActiveCfg = Release|Any CPU
		{6169F9C3-6A0D-4FFC-8A37-6F50C9FB095A}.Release|Any CPU.Build.0 = Release|Any CPU
	EndGlobalSection
	GlobalSection(SolutionProperties) = preSolution
		HideSolutionNode = FALSE
	EndGlobalSection
	GlobalSection(ExtensibilityGlobals) = postSolution
		SolutionGuid = {3DE1B8BF-F57D-489F-929F-6B629D9441FB}
	EndGlobalSection
EndGlobal
